
Microsoft Visual Studio Solution File, Format Version 12.00
# Visual Studio Version 17
VisualStudioVersion = 17.1.32210.238
MinimumVisualStudioVersion = 10.0.40219.1
Project("{F184B08F-C81C-45F6-A57F-5ABD9991F28F}") = "LabTask2_MiniCalculatorApp", "LabTask2_MiniCalculatorApp.vbproj", "{8AAEBC53-2A5C-43B1-B6BC-4D1C0C3F1D51}"
EndProject
Global
	GlobalSection(SolutionConfigurationPlatforms) = preSolution
		Debug|Any CPU = Debug|Any CPU
		Release|Any CPU = Release|Any CPU
	EndGlobalSection
	GlobalSection(ProjectConfigurationPlatforms) = postSolution
		{8AAEBC53-2A5C-43B1-B6BC-4D1C0C3F1D51}.Debug|Any CPU.ActiveCfg = Debug|Any CPU
		{8AAEBC53-2A5C-43B1-B6BC-4D1C0C3F1D51}.Debug|Any CPU.Build.0 = Debug|Any CPU
		{8AAEBC53-2A5C-43B1-B6BC-4D1C0C3F1D51}.Release|Any CPU.ActiveCfg = Release|Any CPU
		{8AAEBC53-2A5C-43B1-B6BC-4D1C0C3F1D51}.Release|Any CPU.Build.0 = Release|Any CPU
	EndGlobalSection
	GlobalSection(SolutionProperties) = preSolution
		HideSolutionNode = FALSE
	EndGlobalSection
	GlobalSection(ExtensibilityGlobals) = postSolution
		SolutionGuid = {B45F74AB-892A-4F72-AE97-866422B4C5A3}
	EndGlobalSection
EndGlobal
